
Microsoft Visual Studio Solution File, Format Version 12.00
# Visual Studio Version 17
VisualStudioVersion = 17.5.002.0
MinimumVisualStudioVersion = 10.0.40219.1
Project("{2150E333-8FDC-42A3-9474-1A3956D46DE8}") = "fundamentos.NET", "fundamentos.NET", "{088EFEBF-A0E3-4C96-B807-D0E2D8DA0B59}"
EndProject
Project("{9A19103F-16F7-4668-BE54-9A1E7A4F7556}") = "exemplofundamentos", "fundamentos.NET\exemplofundamentos\exemplofundamentos.csproj", "{0EFD0542-0DB0-4C6A-8932-3A0173F06F52}"
EndProject
Global
	GlobalSection(SolutionConfigurationPlatforms) = preSolution
		Debug|Any CPU = Debug|Any CPU
		Release|Any CPU = Release|Any CPU
	EndGlobalSection
	GlobalSection(ProjectConfigurationPlatforms) = postSolution
		{0EFD0542-0DB0-4C6A-8932-3A0173F06F52}.Debug|Any CPU.ActiveCfg = Debug|Any CPU
		{0EFD0542-0DB0-4C6A-8932-3A0173F06F52}.Debug|Any CPU.Build.0 = Debug|Any CPU
		{0EFD0542-0DB0-4C6A-8932-3A0173F06F52}.Release|Any CPU.ActiveCfg = Release|Any CPU
		{0EFD0542-0DB0-4C6A-8932-3A0173F06F52}.Release|Any CPU.Build.0 = Release|Any CPU
	EndGlobalSection
	GlobalSection(SolutionProperties) = preSolution
		HideSolutionNode = FALSE
	EndGlobalSection
	GlobalSection(NestedProjects) = preSolution
		{0EFD0542-0DB0-4C6A-8932-3A0173F06F52} = {088EFEBF-A0E3-4C96-B807-D0E2D8DA0B59}
	EndGlobalSection
	GlobalSection(ExtensibilityGlobals) = postSolution
		SolutionGuid = {C6DE479E-4675-481C-A3CC-3A6A4A6CF8D5}
	EndGlobalSection
EndGlobal
